fmt - 588da038e8445563cea613f9f763b791c9e1abf5
github.com/davecgh/go-spew/spew - dab6603c081108e15997eedd5def1a9344e63469
github.com/nsf/termbox-go - ff6e207364e85ff8b2a73c5cc55565618e3e6747
log - 588da038e8445563cea613f9f763b791c9e1abf5
math - 588da038e8445563cea613f9f763b791c9e1abf5
os - 588da038e8445563cea613f9f763b791c9e1abf5
os/signal - 588da038e8445563cea613f9f763b791c9e1abf5
time - 588da038e8445563cea613f9f763b791c9e1abf5
